
Microsoft Visual Studio Solution File, Format Version 12.00
# Visual Studio Version 16
VisualStudioVersion = 16.0.28803.202
MinimumVisualStudioVersion = 10.0.40219.1
Project("{FAE04EC0-301F-11D3-BF4B-00C04F79EFBC}") = "WebAppSec", "WebAppSec\WebAppSec.csproj", "{228CE444-A918-4AE2-87BF-B80CD1D710DB}"
EndProject
Global
	GlobalSection(SolutionConfigurationPlatforms) = preSolution
		Debug|Any CPU = Debug|Any CPU
		Release|Any CPU = Release|Any CPU
	EndGlobalSection
	GlobalSection(ProjectConfigurationPlatforms) = postSolution
		{228CE444-A918-4AE2-87BF-B80CD1D710DB}.Debug|Any CPU.ActiveCfg = Debug|Any CPU
		{228CE444-A918-4AE2-87BF-B80CD1D710DB}.Debug|Any CPU.Build.0 = Debug|Any CPU
		{228CE444-A918-4AE2-87BF-B80CD1D710DB}.Release|Any CPU.ActiveCfg = Release|Any CPU
		{228CE444-A918-4AE2-87BF-B80CD1D710DB}.Release|Any CPU.Build.0 = Release|Any CPU
	EndGlobalSection
	GlobalSection(SolutionProperties) = preSolution
		HideSolutionNode = FALSE
	EndGlobalSection
	GlobalSection(ExtensibilityGlobals) = postSolution
		SolutionGuid = {960849D0-FFE6-4ADC-A575-6EE39CCA9A88}
	EndGlobalSection
EndGlobal
